{
    "name": "library-book",
    "lockfileVersion": 3,
    "requires": true,
    "packages": {
        "": {
            "name": "library-book",
            "license": "AGPL-3.0-only",
            "devDependencies": {
                "dotenv": "^16.5.0",
                "prettier": "^3.5.3"
            }
        },
        "node_modules/dotenv": {
            "version": "16.6.1",
            "resolved": "https://registry.npmjs.org/dotenv/-/dotenv-16.6.1.tgz",
            "integrity": "sha512-uBq4egWHTcTt33a72vpSG0z3HnPuIl6NqYcTrKEg2azoEyl2hpW0zqlxysq2pK9HlDIHyHyakeYaYnSAwd8bow==",
            "dev": true,
            "license": "BSD-2-Clause",
            "engines": {
                "node": ">=12"
            },
            "funding": {
                "url": "https://dotenvx.com"
            }
        },
        "node_modules/prettier": {
            "version": "3.6.2",
            "resolved": "https://registry.npmjs.org/prettier/-/prettier-3.6.2.tgz",
            "integrity": "sha512-I7AIg5boAr5R0FFtJ6rCfD+LFsWHp81dolrFD8S79U9tb8Az2nGrJncnMSnys+bpQJfRUzqs9hnA81OAA3hCuQ==",
            "dev": true,
            "license": "MIT",
            "bin": {
                "prettier": "bin/prettier.cjs"
            },
            "engines": {
                "node": ">=14"
            },
            "funding": {
                "url": "https://github.com/prettier/prettier?sponsor=1"
            }
        }
    }
}
