{
  "lockfileVersion": 1,
  "configVersion": 1,
  "workspaces": {
    "": {
      "name": "tool",
      "dependencies": {
        "@clack/prompts": "^0.11.0",
        "@t3-oss/env-core": "^0.13.10",
        "dotenv": "^17.2.3",
        "gunshi": "^0.32.0",
        "pg": "^8.16.3",
        "valibot": "^1.2.0",
      },
      "devDependencies": {
        "@types/bun": "^1.3.11",
      },
    },
  },
  "packages": {
    "@clack/core": ["@clack/core@0.5.0", "https://registry.npmmirror.com/@clack/core/-/core-0.5.0.tgz", { "dependencies": { "picocolors": "^1.0.0", "sisteransi": "^1.0.5" } }, "sha512-p3y0FIOwaYRUPRcMO7+dlmLh8PSRcrjuTndsiA0WAFbWES0mLZlrjVoBRZ9DzkPFJZG6KGkJmoEAY0ZcVWTkow=="],

    "@clack/prompts": ["@clack/prompts@0.11.0", "https://registry.npmmirror.com/@clack/prompts/-/prompts-0.11.0.tgz", { "dependencies": { "@clack/core": "0.5.0", "picocolors": "^1.0.0", "sisteransi": "^1.0.5" } }, "sha512-pMN5FcrEw9hUkZA4f+zLlzivQSeQf5dRGJjSUbvVYDLvpKCdQx5OaknvKzgbtXOizhP+SJJJjqEbOe55uKKfAw=="],

    "@t3-oss/env-core": ["@t3-oss/env-core@0.13.11", "https://registry.npmmirror.com/@t3-oss/env-core/-/env-core-0.13.11.tgz", { "peerDependencies": { "arktype": "^2.1.0", "typescript": ">=5.0.0", "valibot": "^1.0.0-beta.7 || ^1.0.0", "zod": "^3.24.0 || ^4.0.0" }, "optionalPeers": ["arktype", "typescript", "valibot", "zod"] }, "sha512-sM7GYY+KL7H/Hl0BE0inWfk3nRHZOLhmVn7sHGxaZt9FAR6KqREXAE+6TqKfiavfXmpRxO/OZ2QgKRd+oiBYRQ=="],

    "@types/bun": ["@types/bun@1.3.11", "https://registry.npmmirror.com/@types/bun/-/bun-1.3.11.tgz", { "dependencies": { "bun-types": "1.3.11" } }, "sha512-5vPne5QvtpjGpsGYXiFyycfpDF2ECyPcTSsFBMa0fraoxiQyMJ3SmuQIGhzPg2WJuWxVBoxWJ2kClYTcw/4fAg=="],

    "@types/node": ["@types/node@25.5.0", "https://registry.npmmirror.com/@types/node/-/node-25.5.0.tgz", { "dependencies": { "undici-types": "~7.18.0" } }, "sha512-jp2P3tQMSxWugkCUKLRPVUpGaL5MVFwF8RDuSRztfwgN1wmqJeMSbKlnEtQqU8UrhTmzEmZdu2I6v2dpp7XIxw=="],

    "bun-types": ["bun-types@1.3.11", "https://registry.npmmirror.com/bun-types/-/bun-types-1.3.11.tgz", { "dependencies": { "@types/node": "*" } }, "sha512-1KGPpoxQWl9f6wcZh57LvrPIInQMn2TQ7jsgxqpRzg+l0QPOFvJVH7HmvHo/AiPgwXy+/Thf6Ov3EdVn1vOabg=="],

    "dotenv": ["dotenv@17.4.0", "https://registry.npmmirror.com/dotenv/-/dotenv-17.4.0.tgz", {}, "sha512-kCKF62fwtzwYm0IGBNjRUjtJgMfGapII+FslMHIjMR5KTnwEmBmWLDRSnc3XSNP8bNy34tekgQyDT0hr7pERRQ=="],

    "gunshi": ["gunshi@0.32.0", "https://registry.npmmirror.com/gunshi/-/gunshi-0.32.0.tgz", {}, "sha512-kvRFiIkxeiLJIE0p7reKItydbY+SKIEtveeElnot2YetMTYNN5qBH4wiuCSeir68zlDvbq0wbTdNiZflt1Y+rA=="],

    "pg": ["pg@8.21.0", "https://registry.npmmirror.com/pg/-/pg-8.21.0.tgz", { "dependencies": { "pg-connection-string": "^2.13.0", "pg-pool": "^3.14.0", "pg-protocol": "^1.14.0", "pg-types": "2.2.0", "pgpass": "1.0.5" }, "optionalDependencies": { "pg-cloudflare": "^1.4.0" }, "peerDependencies": { "pg-native": ">=3.0.1" }, "optionalPeers": ["pg-native"] }, "sha512-AUP1EYJuHraQGsVoCQVIcM7TEJVGtDzxWtGFZd8rds9d+CCXlU5Js1rYgfLNvxy9iJrpHjGrRjoi/3BT9fRyiA=="],

    "pg-cloudflare": ["pg-cloudflare@1.4.0", "https://registry.npmmirror.com/pg-cloudflare/-/pg-cloudflare-1.4.0.tgz", {}, "sha512-Vo7z/6rrQYxpNRylp4Tlob2elzbh+N/MOQbxFVWCxS7oEx6jF53GTJFxK2WWpKuBRkmiin4Mt+xofFDjx09R0A=="],

    "pg-connection-string": ["pg-connection-string@2.13.0", "https://registry.npmmirror.com/pg-connection-string/-/pg-connection-string-2.13.0.tgz", {}, "sha512-EMnU9E2fSULdsbErBbMaXJvFeD9B4+nPcM3f+4lsiCR0BHLPrLVjv3DbyM2hgQQviKJaTWIRRTjKjWlHg3p2ig=="],

    "pg-int8": ["pg-int8@1.0.1", "https://registry.npmmirror.com/pg-int8/-/pg-int8-1.0.1.tgz", {}, "sha512-WCtabS6t3c8SkpDBUlb1kjOs7l66xsGdKpIPZsg4wR+B3+u9UAum2odSsF9tnvxg80h4ZxLWMy4pRjOsFIqQpw=="],

    "pg-pool": ["pg-pool@3.14.0", "https://registry.npmmirror.com/pg-pool/-/pg-pool-3.14.0.tgz", { "peerDependencies": { "pg": ">=8.0" } }, "sha512-gKtPkFdQPU3DksooVLi9LsjZxrsBUZIpa+7aVx+LV5pNh0KzP4Zleud2po+ConrxbuXGBJ6Hfer6hdgpIBpBaw=="],

    "pg-protocol": ["pg-protocol@1.14.0", "https://registry.npmmirror.com/pg-protocol/-/pg-protocol-1.14.0.tgz", {}, "sha512-n5taZ1kO3s9ngDTVxsEznOqCyToTgz0FLuPq0B33COy5pPpuWJpY3/2oRBVETuOgzdqRXfWpM9HIhp2LBBT1BA=="],

    "pg-types": ["pg-types@2.2.0", "https://registry.npmmirror.com/pg-types/-/pg-types-2.2.0.tgz", { "dependencies": { "pg-int8": "1.0.1", "postgres-array": "~2.0.0", "postgres-bytea": "~1.0.0", "postgres-date": "~1.0.4", "postgres-interval": "^1.1.0" } }, "sha512-qTAAlrEsl8s4OiEQY69wDvcMIdQN6wdz5ojQiOy6YRMuynxenON0O5oCpJI6lshc6scgAY8qvJ2On/p+CXY0GA=="],

    "pgpass": ["pgpass@1.0.5", "https://registry.npmmirror.com/pgpass/-/pgpass-1.0.5.tgz", { "dependencies": { "split2": "^4.1.0" } }, "sha512-FdW9r/jQZhSeohs1Z3sI1yxFQNFvMcnmfuj4WBMUTxOrAyLMaTcE1aAMBiTlbMNaXvBCQuVi0R7hd8udDSP7ug=="],

    "picocolors": ["picocolors@1.1.1", "https://registry.npmmirror.com/picocolors/-/picocolors-1.1.1.tgz", {}, "sha512-xceH2snhtb5M9liqDsmEw56le376mTZkEX/jEb/RxNFyegNul7eNslCXP9FDj/Lcu0X8KEyMceP2ntpaHrDEVA=="],

    "postgres-array": ["postgres-array@2.0.0", "https://registry.npmmirror.com/postgres-array/-/postgres-array-2.0.0.tgz", {}, "sha512-VpZrUqU5A69eQyW2c5CA1jtLecCsN2U/bD6VilrFDWq5+5UIEVO7nazS3TEcHf1zuPYO/sqGvUvW62g86RXZuA=="],

    "postgres-bytea": ["postgres-bytea@1.0.1", "https://registry.npmmirror.com/postgres-bytea/-/postgres-bytea-1.0.1.tgz", {}, "sha512-5+5HqXnsZPE65IJZSMkZtURARZelel2oXUEO8rH83VS/hxH5vv1uHquPg5wZs8yMAfdv971IU+kcPUczi7NVBQ=="],

    "postgres-date": ["postgres-date@1.0.7", "https://registry.npmmirror.com/postgres-date/-/postgres-date-1.0.7.tgz", {}, "sha512-suDmjLVQg78nMK2UZ454hAG+OAW+HQPZ6n++TNDUX+L0+uUlLywnoxJKDou51Zm+zTCjrCl0Nq6J9C5hP9vK/Q=="],

    "postgres-interval": ["postgres-interval@1.2.0", "https://registry.npmmirror.com/postgres-interval/-/postgres-interval-1.2.0.tgz", { "dependencies": { "xtend": "^4.0.0" } }, "sha512-9ZhXKM/rw350N1ovuWHbGxnGh/SNJ4cnxHiM0rxE4VN41wsg8P8zWn9hv/buK00RP4WvlOyr/RBDiptyxVbkZQ=="],

    "sisteransi": ["sisteransi@1.0.5", "https://registry.npmmirror.com/sisteransi/-/sisteransi-1.0.5.tgz", {}, "sha512-bLGGlR1QxBcynn2d5YmDX4MGjlZvy2MRBDRNHLJ8VI6l6+9FUiyTFNJ0IveOSP0bcXgVDPRcfGqA0pjaqUpfVg=="],

    "split2": ["split2@4.2.0", "https://registry.npmmirror.com/split2/-/split2-4.2.0.tgz", {}, "sha512-UcjcJOWknrNkF6PLX83qcHM6KHgVKNkV62Y8a5uYDVv9ydGQVwAHMKqHdJje1VTWpljG0WYpCDhrCdAOYH4TWg=="],

    "undici-types": ["undici-types@7.18.2", "https://registry.npmmirror.com/undici-types/-/undici-types-7.18.2.tgz", {}, "sha512-AsuCzffGHJybSaRrmr5eHr81mwJU3kjw6M+uprWvCXiNeN9SOGwQ3Jn8jb8m3Z6izVgknn1R0FTCEAP2QrLY/w=="],

    "valibot": ["valibot@1.4.1", "https://registry.npmmirror.com/valibot/-/valibot-1.4.1.tgz", { "peerDependencies": { "typescript": ">=5" }, "optionalPeers": ["typescript"] }, "sha512-klCmFTz2jeDluy9RwX+F884TCiogtdBJ/YaxSx1EOBYXa3NXNWj8kR1jjN8rzluwojJVWWaHJ4r1U5LfICnM3g=="],

    "xtend": ["xtend@4.0.2", "https://registry.npmmirror.com/xtend/-/xtend-4.0.2.tgz", {}, "sha512-LKYU1iAXJXUgAXn9URjiu+MWhyUXHsvfp7mcuYm9dSUKK0/CjtrUwFAxD82/mCWbtLsGjFIad0wIsod4zrTAEQ=="],

    "zod": ["zod@4.3.6", "https://registry.npmmirror.com/zod/-/zod-4.3.6.tgz", {}, "sha512-rftlrkhHZOcjDwkGlnUtZZkvaPHCsDATp4pGpuOOMDaTdDDXF91wuVDJoWoPsKX/3YPQ5fHuF3STjcYyKr+Qhg=="],
  }
}
