{
  "lockfileVersion": 1,
  "workspaces": {
    "": {
      "name": "search",
      "dependencies": {
        "@types/node": "^24.10.1",
        "dotenv": "^17.2.3",
        "meilisearch": "^0.54.0",
      },
    },
  },
  "packages": {
    "@types/node": ["@types/node@24.10.1", "", { "dependencies": { "undici-types": "~7.16.0" } }, "sha512-GNWcUTRBgIRJD5zj+Tq0fKOJ5XZajIiBroOF0yvj2bSU1WvNdYS/dn9UxwsujGW4JX06dnHyjV2y9rRaybH0iQ=="],

    "dotenv": ["dotenv@17.2.3", "", {}, "sha512-JVUnt+DUIzu87TABbhPmNfVdBDt18BLOWjMUFJMSi/Qqg7NTYtabbvSNJGOJ7afbRuv9D/lngizHtP7QyLQ+9w=="],

    "meilisearch": ["meilisearch@0.54.0", "", {}, "sha512-b1bwJAEfj8C6hgSN88+/LvW3pe3nWC+thBS2seAbPZGakf/vzsLqppgZquiomzCr2GhU7U7H289625qhYe3rbw=="],

    "undici-types": ["undici-types@7.16.0", "", {}, "sha512-Zz+aZWSj8LE6zoxD+xrjh4VfkIG8Ya6LvYkZqtUQGJPZjYl53ypCaUwWqo7eI0x66KBGeRo+mlBEkMSeSZ38Nw=="],
  }
}
